
Microsoft Visual Studio Solution File, Format Version 12.00
# Visual Studio Version 17
VisualStudioVersion = 17.5.002.0
MinimumVisualStudioVersion = 10.0.40219.1
Project("{2150E333-8FDC-42A3-9474-1A3956D46DE8}") = "games", "games", "{93CE5173-15D9-4D71-9E5A-047623348BB9}"
EndProject
Project("{9A19103F-16F7-4668-BE54-9A1E7A4F7556}") = "Asteroids", "games\Asteroids\Asteroids.csproj", "{22272D47-D563-42E9-AF14-629FD0C3C16A}"
EndProject
Project("{9A19103F-16F7-4668-BE54-9A1E7A4F7556}") = "Runner_Dash", "games\Runner_Dash\Runner_Dash.csproj", "{16688E16-6C60-46B3-B7B0-DEBFE6585C3A}"
EndProject
Project("{2150E333-8FDC-42A3-9474-1A3956D46DE8}") = "2dRacer", "2dRacer", "{ED75688A-836A-45BA-B6BB-CE09817BDD9B}"
EndProject
Project("{9A19103F-16F7-4668-BE54-9A1E7A4F7556}") = "_2dRacerDemo", "games\2dRacer\AdvancedDemo\_2dRacerDemo.csproj", "{F37D4DC5-6281-440D-8584-5DB742C54D0D}"
EndProject
Project("{9A19103F-16F7-4668-BE54-9A1E7A4F7556}") = "_2dRacerDemo (1)", "games\2dRacer\BasicDemo\_2dRacerDemo.csproj", "{D83E9774-9874-46FE-A92B-3367230B26CA}"
EndProject
Global
	GlobalSection(SolutionConfigurationPlatforms) = preSolution
		Debug|Any CPU = Debug|Any CPU
		Release|Any CPU = Release|Any CPU
	EndGlobalSection
	GlobalSection(ProjectConfigurationPlatforms) = postSolution
		{22272D47-D563-42E9-AF14-629FD0C3C16A}.Debug|Any CPU.ActiveCfg = Debug|Any CPU
		{22272D47-D563-42E9-AF14-629FD0C3C16A}.Debug|Any CPU.Build.0 = Debug|Any CPU
		{22272D47-D563-42E9-AF14-629FD0C3C16A}.Release|Any CPU.ActiveCfg = Release|Any CPU
		{22272D47-D563-42E9-AF14-629FD0C3C16A}.Release|Any CPU.Build.0 = Release|Any CPU
		{16688E16-6C60-46B3-B7B0-DEBFE6585C3A}.Debug|Any CPU.ActiveCfg = Debug|Any CPU
		{16688E16-6C60-46B3-B7B0-DEBFE6585C3A}.Debug|Any CPU.Build.0 = Debug|Any CPU
		{16688E16-6C60-46B3-B7B0-DEBFE6585C3A}.Release|Any CPU.ActiveCfg = Release|Any CPU
		{16688E16-6C60-46B3-B7B0-DEBFE6585C3A}.Release|Any CPU.Build.0 = Release|Any CPU
		{F37D4DC5-6281-440D-8584-5DB742C54D0D}.Debug|Any CPU.ActiveCfg = Debug|Any CPU
		{F37D4DC5-6281-440D-8584-5DB742C54D0D}.Debug|Any CPU.Build.0 = Debug|Any CPU
		{F37D4DC5-6281-440D-8584-5DB742C54D0D}.Release|Any CPU.ActiveCfg = Release|Any CPU
		{F37D4DC5-6281-440D-8584-5DB742C54D0D}.Release|Any CPU.Build.0 = Release|Any CPU
		{D83E9774-9874-46FE-A92B-3367230B26CA}.Debug|Any CPU.ActiveCfg = Debug|Any CPU
		{D83E9774-9874-46FE-A92B-3367230B26CA}.Debug|Any CPU.Build.0 = Debug|Any CPU
		{D83E9774-9874-46FE-A92B-3367230B26CA}.Release|Any CPU.ActiveCfg = Release|Any CPU
		{D83E9774-9874-46FE-A92B-3367230B26CA}.Release|Any CPU.Build.0 = Release|Any CPU
	EndGlobalSection
	GlobalSection(SolutionProperties) = preSolution
		HideSolutionNode = FALSE
	EndGlobalSection
	GlobalSection(NestedProjects) = preSolution
		{22272D47-D563-42E9-AF14-629FD0C3C16A} = {93CE5173-15D9-4D71-9E5A-047623348BB9}
		{16688E16-6C60-46B3-B7B0-DEBFE6585C3A} = {93CE5173-15D9-4D71-9E5A-047623348BB9}
		{ED75688A-836A-45BA-B6BB-CE09817BDD9B} = {93CE5173-15D9-4D71-9E5A-047623348BB9}
		{F37D4DC5-6281-440D-8584-5DB742C54D0D} = {ED75688A-836A-45BA-B6BB-CE09817BDD9B}
		{D83E9774-9874-46FE-A92B-3367230B26CA} = {ED75688A-836A-45BA-B6BB-CE09817BDD9B}
	EndGlobalSection
	GlobalSection(ExtensibilityGlobals) = postSolution
		SolutionGuid = {2E2FDAC0-F254-420F-AABC-6C2FF029AAB0}
	EndGlobalSection
EndGlobal
